Microsoft Visual Studio Solution File, Format Version 12.00
# Visual Studio Version 17
VisualStudioVersion = 17.5.2.0
MinimumVisualStudioVersion = 10.0.40219.1
Project("{FAE04EC0-301F-11D3-BF4B-00C04F79EFBC}") = "ProjetoComercial", "ProjetoComercial.csproj", "{B5A1AC90-504A-066B-6584-7AB5E0F45883}"
EndProject
Global
	GlobalSection(SolutionConfigurationPlatforms) = preSolution
		Debug|Any CPU = Debug|Any CPU
		Release|Any CPU = Release|Any CPU
	EndGlobalSection
	GlobalSection(ProjectConfigurationPlatforms) = postSolution
		{B5A1AC90-504A-066B-6584-7AB5E0F45883}.Debug|Any CPU.ActiveCfg = Debug|Any CPU
		{B5A1AC90-504A-066B-6584-7AB5E0F45883}.Debug|Any CPU.Build.0 = Debug|Any CPU
		{B5A1AC90-504A-066B-6584-7AB5E0F45883}.Release|Any CPU.ActiveCfg = Release|Any CPU
		{B5A1AC90-504A-066B-6584-7AB5E0F45883}.Release|Any CPU.Build.0 = Release|Any CPU
	EndGlobalSection
	GlobalSection(SolutionProperties) = preSolution
		HideSolutionNode = FALSE
	EndGlobalSection
	GlobalSection(ExtensibilityGlobals) = postSolution
		SolutionGuid = {6FA24684-AC05-4598-9670-68E16D420417}
	EndGlobalSection
EndGlobal
